
Microsoft Visual Studio Solution File, Format Version 12.00
# Visual Studio Version 17
VisualStudioVersion = 17.9.34902.65
MinimumVisualStudioVersion = 10.0.40219.1
Project("{FAE04EC0-301F-11D3-BF4B-00C04F79EFBC}") = "Task2", "Task2\Task2.csproj", "{77B65616-B612-42E3-A366-8F7895D07A57}"
EndProject
Global
	GlobalSection(SolutionConfigurationPlatforms) = preSolution
		Debug|Any CPU = Debug|Any CPU
		Release|Any CPU = Release|Any CPU
	EndGlobalSection
	GlobalSection(ProjectConfigurationPlatforms) = postSolution
		{77B65616-B612-42E3-A366-8F7895D07A57}.Debug|Any CPU.ActiveCfg = Debug|Any CPU
		{77B65616-B612-42E3-A366-8F7895D07A57}.Debug|Any CPU.Build.0 = Debug|Any CPU
		{77B65616-B612-42E3-A366-8F7895D07A57}.Release|Any CPU.ActiveCfg = Release|Any CPU
		{77B65616-B612-42E3-A366-8F7895D07A57}.Release|Any CPU.Build.0 = Release|Any CPU
	EndGlobalSection
	GlobalSection(SolutionProperties) = preSolution
		HideSolutionNode = FALSE
	EndGlobalSection
	GlobalSection(ExtensibilityGlobals) = postSolution
		SolutionGuid = {A058252F-6CA7-48B6-9549-25F91CDD2ED0}
	EndGlobalSection
EndGlobal
